
Microsoft Visual Studio Solution File, Format Version 12.00
# Visual Studio 2013
VisualStudioVersion = 12.0.21005.1
MinimumVisualStudioVersion = 10.0.40219.1
Project("{FAE04EC0-301F-11D3-BF4B-00C04F79EFBC}") = "SchedulingAccessToCPU", "SchedulingAccessToCPU\SchedulingAccessToCPU.csproj", "{DC43A44B-C783-4E04-BC2D-DEF73BF01115}"
EndProject
Project("{FAE04EC0-301F-11D3-BF4B-00C04F79EFBC}") = "SystemyOperacyjneZadanie1", "SystemyOperacyjneZadanie1\SystemyOperacyjneZadanie1.csproj", "{A5271613-2D41-48C8-B0AD-C1B8143355DD}"
EndProject
Global
	GlobalSection(SolutionConfigurationPlatforms) = preSolution
		Debug|Any CPU = Debug|Any CPU
		Release|Any CPU = Release|Any CPU
	EndGlobalSection
	GlobalSection(ProjectConfigurationPlatforms) = postSolution
		{DC43A44B-C783-4E04-BC2D-DEF73BF01115}.Debug|Any CPU.ActiveCfg = Debug|Any CPU
		{DC43A44B-C783-4E04-BC2D-DEF73BF01115}.Debug|Any CPU.Build.0 = Debug|Any CPU
		{DC43A44B-C783-4E04-BC2D-DEF73BF01115}.Release|Any CPU.ActiveCfg = Release|Any CPU
		{DC43A44B-C783-4E04-BC2D-DEF73BF01115}.Release|Any CPU.Build.0 = Release|Any CPU
		{A5271613-2D41-48C8-B0AD-C1B8143355DD}.Debug|Any CPU.ActiveCfg = Debug|Any CPU
		{A5271613-2D41-48C8-B0AD-C1B8143355DD}.Debug|Any CPU.Build.0 = Debug|Any CPU
		{A5271613-2D41-48C8-B0AD-C1B8143355DD}.Release|Any CPU.ActiveCfg = Release|Any CPU
		{A5271613-2D41-48C8-B0AD-C1B8143355DD}.Release|Any CPU.Build.0 = Release|Any CPU
	EndGlobalSection
	GlobalSection(SolutionProperties) = preSolution
		HideSolutionNode = FALSE
	EndGlobalSection
EndGlobal
