
Microsoft Visual Studio Solution File, Format Version 12.00
# Visual Studio 2013
VisualStudioVersion = 12.0.21005.1
MinimumVisualStudioVersion = 10.0.40219.1
Project("{FAE04EC0-301F-11D3-BF4B-00C04F79EFBC}") = "PageReplacementAlgorithm", "PageReplacementAlgorithm\PageReplacementAlgorithm.csproj", "{2FC0561B-92AF-4A2F-B4CC-0BF0EE672978}"
EndProject
Project("{FAE04EC0-301F-11D3-BF4B-00C04F79EFBC}") = "SystemyOperacyjneZadanie3", "SystemyOperacyjneZadanie3\SystemyOperacyjneZadanie3.csproj", "{7CA6DA29-7816-4284-9D1A-BEEAB38DB47E}"
EndProject
Project("{FAE04EC0-301F-11D3-BF4B-00C04F79EFBC}") = "SystemyOperacyjneZadanie4", "SystemyOperacyjneZad$\SystemyOperacyjneZadanie4.csproj", "{BB2708F0-E00C-4015-89BD-211393422311}"
EndProject
Project("{FAE04EC0-301F-11D3-BF4B-00C04F79EFBC}") = "FramesDispenser", "FramesDispenser\FramesDispenser.csproj", "{689F2996-694A-4595-8B9B-6C15C569B233}"
EndProject
Global
	GlobalSection(SolutionConfigurationPlatforms) = preSolution
		Debug|Any CPU = Debug|Any CPU
		Release|Any CPU = Release|Any CPU
	EndGlobalSection
	GlobalSection(ProjectConfigurationPlatforms) = postSolution
		{2FC0561B-92AF-4A2F-B4CC-0BF0EE672978}.Debug|Any CPU.ActiveCfg = Debug|Any CPU
		{2FC0561B-92AF-4A2F-B4CC-0BF0EE672978}.Debug|Any CPU.Build.0 = Debug|Any CPU
		{2FC0561B-92AF-4A2F-B4CC-0BF0EE672978}.Release|Any CPU.ActiveCfg = Release|Any CPU
		{2FC0561B-92AF-4A2F-B4CC-0BF0EE672978}.Release|Any CPU.Build.0 = Release|Any CPU
		{7CA6DA29-7816-4284-9D1A-BEEAB38DB47E}.Debug|Any CPU.ActiveCfg = Debug|Any CPU
		{7CA6DA29-7816-4284-9D1A-BEEAB38DB47E}.Debug|Any CPU.Build.0 = Debug|Any CPU
		{7CA6DA29-7816-4284-9D1A-BEEAB38DB47E}.Release|Any CPU.ActiveCfg = Release|Any CPU
		{7CA6DA29-7816-4284-9D1A-BEEAB38DB47E}.Release|Any CPU.Build.0 = Release|Any CPU
		{BB2708F0-E00C-4015-89BD-211393422311}.Debug|Any CPU.ActiveCfg = Debug|Any CPU
		{BB2708F0-E00C-4015-89BD-211393422311}.Debug|Any CPU.Build.0 = Debug|Any CPU
		{BB2708F0-E00C-4015-89BD-211393422311}.Release|Any CPU.ActiveCfg = Release|Any CPU
		{BB2708F0-E00C-4015-89BD-211393422311}.Release|Any CPU.Build.0 = Release|Any CPU
		{689F2996-694A-4595-8B9B-6C15C569B233}.Debug|Any CPU.ActiveCfg = Debug|Any CPU
		{689F2996-694A-4595-8B9B-6C15C569B233}.Debug|Any CPU.Build.0 = Debug|Any CPU
		{689F2996-694A-4595-8B9B-6C15C569B233}.Release|Any CPU.ActiveCfg = Release|Any CPU
		{689F2996-694A-4595-8B9B-6C15C569B233}.Release|Any CPU.Build.0 = Release|Any CPU
	EndGlobalSection
	GlobalSection(SolutionProperties) = preSolution
		HideSolutionNode = FALSE
	EndGlobalSection
EndGlobal
